
Microsoft Visual Studio Solution File, Format Version 12.00
Project("{FAE04EC0-301F-11D3-BF4B-00C04F79EFBC}") = "ConsoleApp1", "ConsoleApp1\ConsoleApp1.csproj", "{ECF20CA2-6DFC-4CCE-9465-8C2FBA607F9F}"
EndProject
Global
	GlobalSection(SolutionConfigurationPlatforms) = preSolution
		Debug|Any CPU = Debug|Any CPU
		Release|Any CPU = Release|Any CPU
	EndGlobalSection
	GlobalSection(ProjectConfigurationPlatforms) = postSolution
		{ECF20CA2-6DFC-4CCE-9465-8C2FBA607F9F}.Debug|Any CPU.ActiveCfg = Debug|Any CPU
		{ECF20CA2-6DFC-4CCE-9465-8C2FBA607F9F}.Debug|Any CPU.Build.0 = Debug|Any CPU
		{ECF20CA2-6DFC-4CCE-9465-8C2FBA607F9F}.Release|Any CPU.ActiveCfg = Release|Any CPU
		{ECF20CA2-6DFC-4CCE-9465-8C2FBA607F9F}.Release|Any CPU.Build.0 = Release|Any CPU
	EndGlobalSection
EndGlobal
