
Microsoft Visual Studio Solution File, Format Version 12.00
# Visual Studio Version 16
VisualStudioVersion = 16.0.30621.155
MinimumVisualStudioVersion = 10.0.40219.1
Project("{FAE04EC0-301F-11D3-BF4B-00C04F79EFBC}") = "Vector", "Vector.csproj", "{01A50002-18AD-4C13-8D38-7ED6F228EA33}"
EndProject
Global
	GlobalSection(SolutionConfigurationPlatforms) = preSolution
		Debug|Any CPU = Debug|Any CPU
		Release|Any CPU = Release|Any CPU
	EndGlobalSection
	GlobalSection(ProjectConfigurationPlatforms) = postSolution
		{01A50002-18AD-4C13-8D38-7ED6F228EA33}.Debug|Any CPU.ActiveCfg = Debug|Any CPU
		{01A50002-18AD-4C13-8D38-7ED6F228EA33}.Debug|Any CPU.Build.0 = Debug|Any CPU
		{01A50002-18AD-4C13-8D38-7ED6F228EA33}.Release|Any CPU.ActiveCfg = Release|Any CPU
		{01A50002-18AD-4C13-8D38-7ED6F228EA33}.Release|Any CPU.Build.0 = Release|Any CPU
	EndGlobalSection
	GlobalSection(SolutionProperties) = preSolution
		HideSolutionNode = FALSE
	EndGlobalSection
	GlobalSection(ExtensibilityGlobals) = postSolution
		SolutionGuid = {043D8312-8540-4CC9-8205-6D1B96FFB35B}
	EndGlobalSection
EndGlobal
