
Microsoft Visual Studio Solution File, Format Version 12.00
# Visual Studio Version 16
VisualStudioVersion = 16.0.30406.217
MinimumVisualStudioVersion = 10.0.40219.1
Project("{FAE04EC0-301F-11D3-BF4B-00C04F79EFBC}") = "stage2", "stage2\stage2.csproj", "{72158609-AAFF-40A8-8C53-CAEB27862D98}"
EndProject
Global
	GlobalSection(SolutionConfigurationPlatforms) = preSolution
		Debug|Any CPU = Debug|Any CPU
		Release|Any CPU = Release|Any CPU
	EndGlobalSection
	GlobalSection(ProjectConfigurationPlatforms) = postSolution
		{72158609-AAFF-40A8-8C53-CAEB27862D98}.Debug|Any CPU.ActiveCfg = Debug|Any CPU
		{72158609-AAFF-40A8-8C53-CAEB27862D98}.Debug|Any CPU.Build.0 = Debug|Any CPU
		{72158609-AAFF-40A8-8C53-CAEB27862D98}.Release|Any CPU.ActiveCfg = Release|Any CPU
		{72158609-AAFF-40A8-8C53-CAEB27862D98}.Release|Any CPU.Build.0 = Release|Any CPU
	EndGlobalSection
	GlobalSection(SolutionProperties) = preSolution
		HideSolutionNode = FALSE
	EndGlobalSection
	GlobalSection(ExtensibilityGlobals) = postSolution
		SolutionGuid = {F3D7E759-146D-4F6C-8759-573064E70AC7}
	EndGlobalSection
EndGlobal
